
Microsoft Visual Studio Solution File, Format Version 12.00
# Visual Studio Version 17
VisualStudioVersion = 17.9.34728.123
MinimumVisualStudioVersion = 10.0.40219.1
Project("{FAE04EC0-301F-11D3-BF4B-00C04F79EFBC}") = "c#fundamentals", "c#fundamentals\c#fundamentals.csproj", "{2608B7F3-8C3F-490D-BF82-2271BF7F2390}"
EndProject
Global
	GlobalSection(SolutionConfigurationPlatforms) = preSolution
		Debug|Any CPU = Debug|Any CPU
		Release|Any CPU = Release|Any CPU
	EndGlobalSection
	GlobalSection(ProjectConfigurationPlatforms) = postSolution
		{2608B7F3-8C3F-490D-BF82-2271BF7F2390}.Debug|Any CPU.ActiveCfg = Debug|Any CPU
		{2608B7F3-8C3F-490D-BF82-2271BF7F2390}.Debug|Any CPU.Build.0 = Debug|Any CPU
		{2608B7F3-8C3F-490D-BF82-2271BF7F2390}.Release|Any CPU.ActiveCfg = Release|Any CPU
		{2608B7F3-8C3F-490D-BF82-2271BF7F2390}.Release|Any CPU.Build.0 = Release|Any CPU
	EndGlobalSection
	GlobalSection(SolutionProperties) = preSolution
		HideSolutionNode = FALSE
	EndGlobalSection
	GlobalSection(ExtensibilityGlobals) = postSolution
		SolutionGuid = {F5BA9920-7EFE-4E1D-B86A-BD007863C42C}
	EndGlobalSection
EndGlobal
