
Microsoft Visual Studio Solution File, Format Version 12.00
# Visual Studio Version 17
VisualStudioVersion = 17.9.34728.123
MinimumVisualStudioVersion = 10.0.40219.1
Project("{FAE04EC0-301F-11D3-BF4B-00C04F79EFBC}") = "List", "List\List.csproj", "{B7C9BEFB-DE60-45F8-B6EB-FCD35DF2652D}"
EndProject
Global
	GlobalSection(SolutionConfigurationPlatforms) = preSolution
		Debug|Any CPU = Debug|Any CPU
		Release|Any CPU = Release|Any CPU
	EndGlobalSection
	GlobalSection(ProjectConfigurationPlatforms) = postSolution
		{B7C9BEFB-DE60-45F8-B6EB-FCD35DF2652D}.Debug|Any CPU.ActiveCfg = Debug|Any CPU
		{B7C9BEFB-DE60-45F8-B6EB-FCD35DF2652D}.Debug|Any CPU.Build.0 = Debug|Any CPU
		{B7C9BEFB-DE60-45F8-B6EB-FCD35DF2652D}.Release|Any CPU.ActiveCfg = Release|Any CPU
		{B7C9BEFB-DE60-45F8-B6EB-FCD35DF2652D}.Release|Any CPU.Build.0 = Release|Any CPU
	EndGlobalSection
	GlobalSection(SolutionProperties) = preSolution
		HideSolutionNode = FALSE
	EndGlobalSection
	GlobalSection(ExtensibilityGlobals) = postSolution
		SolutionGuid = {C8300C5A-8669-45CA-9EF2-CAD70076BBF5}
	EndGlobalSection
EndGlobal
