
Microsoft Visual Studio Solution File, Format Version 12.00
# Visual Studio Version 17
VisualStudioVersion = 17.9.34728.123
MinimumVisualStudioVersion = 10.0.40219.1
Project("{FAE04EC0-301F-11D3-BF4B-00C04F79EFBC}") = "For_loops", "For_loops\For_loops.csproj", "{32F6247D-0EFA-4C62-BFC7-ECA93633A8DD}"
EndProject
Global
	GlobalSection(SolutionConfigurationPlatforms) = preSolution
		Debug|Any CPU = Debug|Any CPU
		Release|Any CPU = Release|Any CPU
	EndGlobalSection
	GlobalSection(ProjectConfigurationPlatforms) = postSolution
		{32F6247D-0EFA-4C62-BFC7-ECA93633A8DD}.Debug|Any CPU.ActiveCfg = Debug|Any CPU
		{32F6247D-0EFA-4C62-BFC7-ECA93633A8DD}.Debug|Any CPU.Build.0 = Debug|Any CPU
		{32F6247D-0EFA-4C62-BFC7-ECA93633A8DD}.Release|Any CPU.ActiveCfg = Release|Any CPU
		{32F6247D-0EFA-4C62-BFC7-ECA93633A8DD}.Release|Any CPU.Build.0 = Release|Any CPU
	EndGlobalSection
	GlobalSection(SolutionProperties) = preSolution
		HideSolutionNode = FALSE
	EndGlobalSection
	GlobalSection(ExtensibilityGlobals) = postSolution
		SolutionGuid = {090D5C97-3421-473C-B7B3-02C91851F4FE}
	EndGlobalSection
EndGlobal
