
Microsoft Visual Studio Solution File, Format Version 12.00
# Visual Studio Version 17
VisualStudioVersion = 17.9.34728.123
MinimumVisualStudioVersion = 10.0.40219.1
Project("{FAE04EC0-301F-11D3-BF4B-00C04F79EFBC}") = "String", "String\String.csproj", "{2C384475-BA70-4E11-B707-1AB19E86B01A}"
EndProject
Global
	GlobalSection(SolutionConfigurationPlatforms) = preSolution
		Debug|Any CPU = Debug|Any CPU
		Release|Any CPU = Release|Any CPU
	EndGlobalSection
	GlobalSection(ProjectConfigurationPlatforms) = postSolution
		{2C384475-BA70-4E11-B707-1AB19E86B01A}.Debug|Any CPU.ActiveCfg = Debug|Any CPU
		{2C384475-BA70-4E11-B707-1AB19E86B01A}.Debug|Any CPU.Build.0 = Debug|Any CPU
		{2C384475-BA70-4E11-B707-1AB19E86B01A}.Release|Any CPU.ActiveCfg = Release|Any CPU
		{2C384475-BA70-4E11-B707-1AB19E86B01A}.Release|Any CPU.Build.0 = Release|Any CPU
	EndGlobalSection
	GlobalSection(SolutionProperties) = preSolution
		HideSolutionNode = FALSE
	EndGlobalSection
	GlobalSection(ExtensibilityGlobals) = postSolution
		SolutionGuid = {AC2353AB-949F-46DB-A915-A8F8133D3B6A}
	EndGlobalSection
EndGlobal
