
Microsoft Visual Studio Solution File, Format Version 12.00
# Visual Studio Version 17
VisualStudioVersion = 17.9.34728.123
MinimumVisualStudioVersion = 10.0.40219.1
Project("{FAE04EC0-301F-11D3-BF4B-00C04F79EFBC}") = "Properties", "Properties\Properties.csproj", "{FBD4E50E-D50A-4A82-A2BB-795A84F8F873}"
EndProject
Global
	GlobalSection(SolutionConfigurationPlatforms) = preSolution
		Debug|Any CPU = Debug|Any CPU
		Release|Any CPU = Release|Any CPU
	EndGlobalSection
	GlobalSection(ProjectConfigurationPlatforms) = postSolution
		{FBD4E50E-D50A-4A82-A2BB-795A84F8F873}.Debug|Any CPU.ActiveCfg = Debug|Any CPU
		{FBD4E50E-D50A-4A82-A2BB-795A84F8F873}.Debug|Any CPU.Build.0 = Debug|Any CPU
		{FBD4E50E-D50A-4A82-A2BB-795A84F8F873}.Release|Any CPU.ActiveCfg = Release|Any CPU
		{FBD4E50E-D50A-4A82-A2BB-795A84F8F873}.Release|Any CPU.Build.0 = Release|Any CPU
	EndGlobalSection
	GlobalSection(SolutionProperties) = preSolution
		HideSolutionNode = FALSE
	EndGlobalSection
	GlobalSection(ExtensibilityGlobals) = postSolution
		SolutionGuid = {657C0EB4-26E5-4A20-A457-E74EFD424E60}
	EndGlobalSection
EndGlobal
