
Microsoft Visual Studio Solution File, Format Version 12.00
# Visual Studio Version 17
VisualStudioVersion = 17.9.34728.123
MinimumVisualStudioVersion = 10.0.40219.1
Project("{FAE04EC0-301F-11D3-BF4B-00C04F79EFBC}") = "Interface", "Interface\Interface.csproj", "{166358E7-673E-4340-AFA1-7644509C6337}"
EndProject
Project("{FAE04EC0-301F-11D3-BF4B-00C04F79EFBC}") = "Multiple_Inheritance", "Multiple_Inheritance\Multiple_Inheritance.csproj", "{89B639FA-359F-4377-90FF-651D6A8899A3}"
EndProject
Global
	GlobalSection(SolutionConfigurationPlatforms) = preSolution
		Debug|Any CPU = Debug|Any CPU
		Release|Any CPU = Release|Any CPU
	EndGlobalSection
	GlobalSection(ProjectConfigurationPlatforms) = postSolution
		{166358E7-673E-4340-AFA1-7644509C6337}.Debug|Any CPU.ActiveCfg = Debug|Any CPU
		{166358E7-673E-4340-AFA1-7644509C6337}.Debug|Any CPU.Build.0 = Debug|Any CPU
		{166358E7-673E-4340-AFA1-7644509C6337}.Release|Any CPU.ActiveCfg = Release|Any CPU
		{166358E7-673E-4340-AFA1-7644509C6337}.Release|Any CPU.Build.0 = Release|Any CPU
		{89B639FA-359F-4377-90FF-651D6A8899A3}.Debug|Any CPU.ActiveCfg = Debug|Any CPU
		{89B639FA-359F-4377-90FF-651D6A8899A3}.Debug|Any CPU.Build.0 = Debug|Any CPU
		{89B639FA-359F-4377-90FF-651D6A8899A3}.Release|Any CPU.ActiveCfg = Release|Any CPU
		{89B639FA-359F-4377-90FF-651D6A8899A3}.Release|Any CPU.Build.0 = Release|Any CPU
	EndGlobalSection
	GlobalSection(SolutionProperties) = preSolution
		HideSolutionNode = FALSE
	EndGlobalSection
	GlobalSection(ExtensibilityGlobals) = postSolution
		SolutionGuid = {64BED305-04F4-4795-AFC4-0012E8F3E54B}
	EndGlobalSection
EndGlobal
