
Microsoft Visual Studio Solution File, Format Version 12.00
# Visual Studio Version 17
VisualStudioVersion = 17.9.34728.123
MinimumVisualStudioVersion = 10.0.40219.1
Project("{FAE04EC0-301F-11D3-BF4B-00C04F79EFBC}") = "Method_Overriding", "Method_Overriding\Method_Overriding.csproj", "{746D1287-501C-4A6A-B553-A45DBBB0A30B}"
EndProject
Project("{FAE04EC0-301F-11D3-BF4B-00C04F79EFBC}") = "Method_Overloading", "Method_Overloading\Method_Overloading.csproj", "{94DEF52D-3942-4F62-BB88-8EDBD676002A}"
EndProject
Global
	GlobalSection(SolutionConfigurationPlatforms) = preSolution
		Debug|Any CPU = Debug|Any CPU
		Release|Any CPU = Release|Any CPU
	EndGlobalSection
	GlobalSection(ProjectConfigurationPlatforms) = postSolution
		{746D1287-501C-4A6A-B553-A45DBBB0A30B}.Debug|Any CPU.ActiveCfg = Debug|Any CPU
		{746D1287-501C-4A6A-B553-A45DBBB0A30B}.Debug|Any CPU.Build.0 = Debug|Any CPU
		{746D1287-501C-4A6A-B553-A45DBBB0A30B}.Release|Any CPU.ActiveCfg = Release|Any CPU
		{746D1287-501C-4A6A-B553-A45DBBB0A30B}.Release|Any CPU.Build.0 = Release|Any CPU
		{94DEF52D-3942-4F62-BB88-8EDBD676002A}.Debug|Any CPU.ActiveCfg = Debug|Any CPU
		{94DEF52D-3942-4F62-BB88-8EDBD676002A}.Debug|Any CPU.Build.0 = Debug|Any CPU
		{94DEF52D-3942-4F62-BB88-8EDBD676002A}.Release|Any CPU.ActiveCfg = Release|Any CPU
		{94DEF52D-3942-4F62-BB88-8EDBD676002A}.Release|Any CPU.Build.0 = Release|Any CPU
	EndGlobalSection
	GlobalSection(SolutionProperties) = preSolution
		HideSolutionNode = FALSE
	EndGlobalSection
	GlobalSection(ExtensibilityGlobals) = postSolution
		SolutionGuid = {294FE4A3-C3A1-4138-B1D5-06E1F41B3229}
	EndGlobalSection
EndGlobal
