
Microsoft Visual Studio Solution File, Format Version 12.00
# Visual Studio Version 17
VisualStudioVersion = 17.9.34728.123
MinimumVisualStudioVersion = 10.0.40219.1
Project("{FAE04EC0-301F-11D3-BF4B-00C04F79EFBC}") = "Type_Conversion", "Type_Conversion\Type_Conversion.csproj", "{45AB8F95-7E07-4D55-AA77-9FCDF5F8D272}"
EndProject
Global
	GlobalSection(SolutionConfigurationPlatforms) = preSolution
		Debug|Any CPU = Debug|Any CPU
		Release|Any CPU = Release|Any CPU
	EndGlobalSection
	GlobalSection(ProjectConfigurationPlatforms) = postSolution
		{45AB8F95-7E07-4D55-AA77-9FCDF5F8D272}.Debug|Any CPU.ActiveCfg = Debug|Any CPU
		{45AB8F95-7E07-4D55-AA77-9FCDF5F8D272}.Debug|Any CPU.Build.0 = Debug|Any CPU
		{45AB8F95-7E07-4D55-AA77-9FCDF5F8D272}.Release|Any CPU.ActiveCfg = Release|Any CPU
		{45AB8F95-7E07-4D55-AA77-9FCDF5F8D272}.Release|Any CPU.Build.0 = Release|Any CPU
	EndGlobalSection
	GlobalSection(SolutionProperties) = preSolution
		HideSolutionNode = FALSE
	EndGlobalSection
	GlobalSection(ExtensibilityGlobals) = postSolution
		SolutionGuid = {1EE8F45E-43DD-48B2-BADF-2D13CA695921}
	EndGlobalSection
EndGlobal
